
Microsoft Visual Studio Solution File, Format Version 12.00
# Visual Studio 15
VisualStudioVersion = 15.0.26124.0
MinimumVisualStudioVersion = 15.0.26124.0
Project("{9A19103F-16F7-4668-BE54-9A1E7A4F7556}") = "ex217ContainsDuplicate", "ex217ContainsDuplicate\ex217ContainsDuplicate.csproj", "{C8C6003C-003E-4852-BEF7-7106BAFC5E4C}"
EndProject
Project("{9A19103F-16F7-4668-BE54-9A1E7A4F7556}") = "ex219ContainsDuplicateII", "ex219ContainsDuplicateII\ex219ContainsDuplicateII.csproj", "{7E0C3640-F5C4-411D-9AF9-2E2F2EADD65E}"
EndProject
Project("{9A19103F-16F7-4668-BE54-9A1E7A4F7556}") = "ex771JewelsAndStones", "ex771JewelsAndStones\ex771JewelsAndStones.csproj", "{1B4E9B38-7D12-4B86-AE0D-9FF96FCE0B06}"
EndProject
Project("{9A19103F-16F7-4668-BE54-9A1E7A4F7556}") = "ex220ContainsDuplicateIII", "ex220ContainsDuplicateIII\ex220ContainsDuplicateIII.csproj", "{A5E0853A-58C5-4759-B21E-E53727FA2D34}"
EndProject
Project("{9A19103F-16F7-4668-BE54-9A1E7A4F7556}") = "ex001TwoSum", "ex001TwoSum\ex001TwoSum.csproj", "{4C821212-F571-4001-8EC7-58FAA3013935}"
EndProject
Project("{9A19103F-16F7-4668-BE54-9A1E7A4F7556}") = "ex167TwoSumII", "ex167TwoSumII\ex167TwoSumII.csproj", "{FEEB4821-971C-4AD1-AEA8-237CD9372B88}"
EndProject
Project("{9A19103F-16F7-4668-BE54-9A1E7A4F7556}") = "ex653TwoSumAndBST", "ex653TwoSumAndBST\ex653TwoSumAndBST.csproj", "{1CB79933-6D34-4D62-AE5F-2090242483D8}"
EndProject
Project("{FAE04EC0-301F-11D3-BF4B-00C04F79EFBC}") = "ex002AddTwoNumbers", "ex002AddTwoNumbers\ex002AddTwoNumbers.csproj", "{489F2D87-1110-41E0-BE04-ABE56D1C4564}"
EndProject
Project("{FAE04EC0-301F-11D3-BF4B-00C04F79EFBC}") = "ex371SumOfTwoIntegers", "ex371SumOfTwoIntegers\ex371SumOfTwoIntegers.csproj", "{BD797981-E69A-4C95-85C7-A5C7CF832E93}"
EndProject
Project("{FAE04EC0-301F-11D3-BF4B-00C04F79EFBC}") = "ex709ToLowerCase", "ex709TwoLowerCase\ex709ToLowerCase.csproj", "{3F6ACB76-867E-41A2-8DB0-999EE3C474D5}"
EndProject
Global
	GlobalSection(SolutionConfigurationPlatforms) = preSolution
		Debug|Any CPU = Debug|Any CPU
		Debug|x64 = Debug|x64
		Debug|x86 = Debug|x86
		Release|Any CPU = Release|Any CPU
		Release|x64 = Release|x64
		Release|x86 = Release|x86
	EndGlobalSection
	GlobalSection(ProjectConfigurationPlatforms) = postSolution
		{C8C6003C-003E-4852-BEF7-7106BAFC5E4C}.Debug|Any CPU.ActiveCfg = Debug|Any CPU
		{C8C6003C-003E-4852-BEF7-7106BAFC5E4C}.Debug|Any CPU.Build.0 = Debug|Any CPU
		{C8C6003C-003E-4852-BEF7-7106BAFC5E4C}.Debug|x64.ActiveCfg = Debug|Any CPU
		{C8C6003C-003E-4852-BEF7-7106BAFC5E4C}.Debug|x64.Build.0 = Debug|Any CPU
		{C8C6003C-003E-4852-BEF7-7106BAFC5E4C}.Debug|x86.ActiveCfg = Debug|Any CPU
		{C8C6003C-003E-4852-BEF7-7106BAFC5E4C}.Debug|x86.Build.0 = Debug|Any CPU
		{C8C6003C-003E-4852-BEF7-7106BAFC5E4C}.Release|Any CPU.ActiveCfg = Release|Any CPU
		{C8C6003C-003E-4852-BEF7-7106BAFC5E4C}.Release|Any CPU.Build.0 = Release|Any CPU
		{C8C6003C-003E-4852-BEF7-7106BAFC5E4C}.Release|x64.ActiveCfg = Release|Any CPU
		{C8C6003C-003E-4852-BEF7-7106BAFC5E4C}.Release|x64.Build.0 = Release|Any CPU
		{C8C6003C-003E-4852-BEF7-7106BAFC5E4C}.Release|x86.ActiveCfg = Release|Any CPU
		{C8C6003C-003E-4852-BEF7-7106BAFC5E4C}.Release|x86.Build.0 = Release|Any CPU
		{7E0C3640-F5C4-411D-9AF9-2E2F2EADD65E}.Debug|Any CPU.ActiveCfg = Debug|Any CPU
		{7E0C3640-F5C4-411D-9AF9-2E2F2EADD65E}.Debug|Any CPU.Build.0 = Debug|Any CPU
		{7E0C3640-F5C4-411D-9AF9-2E2F2EADD65E}.Debug|x64.ActiveCfg = Debug|Any CPU
		{7E0C3640-F5C4-411D-9AF9-2E2F2EADD65E}.Debug|x64.Build.0 = Debug|Any CPU
		{7E0C3640-F5C4-411D-9AF9-2E2F2EADD65E}.Debug|x86.ActiveCfg = Debug|Any CPU
		{7E0C3640-F5C4-411D-9AF9-2E2F2EADD65E}.Debug|x86.Build.0 = Debug|Any CPU
		{7E0C3640-F5C4-411D-9AF9-2E2F2EADD65E}.Release|Any CPU.ActiveCfg = Release|Any CPU
		{7E0C3640-F5C4-411D-9AF9-2E2F2EADD65E}.Release|Any CPU.Build.0 = Release|Any CPU
		{7E0C3640-F5C4-411D-9AF9-2E2F2EADD65E}.Release|x64.ActiveCfg = Release|Any CPU
		{7E0C3640-F5C4-411D-9AF9-2E2F2EADD65E}.Release|x64.Build.0 = Release|Any CPU
		{7E0C3640-F5C4-411D-9AF9-2E2F2EADD65E}.Release|x86.ActiveCfg = Release|Any CPU
		{7E0C3640-F5C4-411D-9AF9-2E2F2EADD65E}.Release|x86.Build.0 = Release|Any CPU
		{1B4E9B38-7D12-4B86-AE0D-9FF96FCE0B06}.Debug|Any CPU.ActiveCfg = Debug|Any CPU
		{1B4E9B38-7D12-4B86-AE0D-9FF96FCE0B06}.Debug|Any CPU.Build.0 = Debug|Any CPU
		{1B4E9B38-7D12-4B86-AE0D-9FF96FCE0B06}.Debug|x64.ActiveCfg = Debug|Any CPU
		{1B4E9B38-7D12-4B86-AE0D-9FF96FCE0B06}.Debug|x64.Build.0 = Debug|Any CPU
		{1B4E9B38-7D12-4B86-AE0D-9FF96FCE0B06}.Debug|x86.ActiveCfg = Debug|Any CPU
		{1B4E9B38-7D12-4B86-AE0D-9FF96FCE0B06}.Debug|x86.Build.0 = Debug|Any CPU
		{1B4E9B38-7D12-4B86-AE0D-9FF96FCE0B06}.Release|Any CPU.ActiveCfg = Release|Any CPU
		{1B4E9B38-7D12-4B86-AE0D-9FF96FCE0B06}.Release|Any CPU.Build.0 = Release|Any CPU
		{1B4E9B38-7D12-4B86-AE0D-9FF96FCE0B06}.Release|x64.ActiveCfg = Release|Any CPU
		{1B4E9B38-7D12-4B86-AE0D-9FF96FCE0B06}.Release|x64.Build.0 = Release|Any CPU
		{1B4E9B38-7D12-4B86-AE0D-9FF96FCE0B06}.Release|x86.ActiveCfg = Release|Any CPU
		{1B4E9B38-7D12-4B86-AE0D-9FF96FCE0B06}.Release|x86.Build.0 = Release|Any CPU
		{A5E0853A-58C5-4759-B21E-E53727FA2D34}.Debug|Any CPU.ActiveCfg = Debug|Any CPU
		{A5E0853A-58C5-4759-B21E-E53727FA2D34}.Debug|Any CPU.Build.0 = Debug|Any CPU
		{A5E0853A-58C5-4759-B21E-E53727FA2D34}.Debug|x64.ActiveCfg = Debug|Any CPU
		{A5E0853A-58C5-4759-B21E-E53727FA2D34}.Debug|x64.Build.0 = Debug|Any CPU
		{A5E0853A-58C5-4759-B21E-E53727FA2D34}.Debug|x86.ActiveCfg = Debug|Any CPU
		{A5E0853A-58C5-4759-B21E-E53727FA2D34}.Debug|x86.Build.0 = Debug|Any CPU
		{A5E0853A-58C5-4759-B21E-E53727FA2D34}.Release|Any CPU.ActiveCfg = Release|Any CPU
		{A5E0853A-58C5-4759-B21E-E53727FA2D34}.Release|Any CPU.Build.0 = Release|Any CPU
		{A5E0853A-58C5-4759-B21E-E53727FA2D34}.Release|x64.ActiveCfg = Release|Any CPU
		{A5E0853A-58C5-4759-B21E-E53727FA2D34}.Release|x64.Build.0 = Release|Any CPU
		{A5E0853A-58C5-4759-B21E-E53727FA2D34}.Release|x86.ActiveCfg = Release|Any CPU
		{A5E0853A-58C5-4759-B21E-E53727FA2D34}.Release|x86.Build.0 = Release|Any CPU
		{4C821212-F571-4001-8EC7-58FAA3013935}.Debug|Any CPU.ActiveCfg = Debug|Any CPU
		{4C821212-F571-4001-8EC7-58FAA3013935}.Debug|Any CPU.Build.0 = Debug|Any CPU
		{4C821212-F571-4001-8EC7-58FAA3013935}.Debug|x64.ActiveCfg = Debug|Any CPU
		{4C821212-F571-4001-8EC7-58FAA3013935}.Debug|x64.Build.0 = Debug|Any CPU
		{4C821212-F571-4001-8EC7-58FAA3013935}.Debug|x86.ActiveCfg = Debug|Any CPU
		{4C821212-F571-4001-8EC7-58FAA3013935}.Debug|x86.Build.0 = Debug|Any CPU
		{4C821212-F571-4001-8EC7-58FAA3013935}.Release|Any CPU.ActiveCfg = Release|Any CPU
		{4C821212-F571-4001-8EC7-58FAA3013935}.Release|Any CPU.Build.0 = Release|Any CPU
		{4C821212-F571-4001-8EC7-58FAA3013935}.Release|x64.ActiveCfg = Release|Any CPU
		{4C821212-F571-4001-8EC7-58FAA3013935}.Release|x64.Build.0 = Release|Any CPU
		{4C821212-F571-4001-8EC7-58FAA3013935}.Release|x86.ActiveCfg = Release|Any CPU
		{4C821212-F571-4001-8EC7-58FAA3013935}.Release|x86.Build.0 = Release|Any CPU
		{FEEB4821-971C-4AD1-AEA8-237CD9372B88}.Debug|Any CPU.ActiveCfg = Debug|Any CPU
		{FEEB4821-971C-4AD1-AEA8-237CD9372B88}.Debug|Any CPU.Build.0 = Debug|Any CPU
		{FEEB4821-971C-4AD1-AEA8-237CD9372B88}.Debug|x64.ActiveCfg = Debug|Any CPU
		{FEEB4821-971C-4AD1-AEA8-237CD9372B88}.Debug|x64.Build.0 = Debug|Any CPU
		{FEEB4821-971C-4AD1-AEA8-237CD9372B88}.Debug|x86.ActiveCfg = Debug|Any CPU
		{FEEB4821-971C-4AD1-AEA8-237CD9372B88}.Debug|x86.Build.0 = Debug|Any CPU
		{FEEB4821-971C-4AD1-AEA8-237CD9372B88}.Release|Any CPU.ActiveCfg = Release|Any CPU
		{FEEB4821-971C-4AD1-AEA8-237CD9372B88}.Release|Any CPU.Build.0 = Release|Any CPU
		{FEEB4821-971C-4AD1-AEA8-237CD9372B88}.Release|x64.ActiveCfg = Release|Any CPU
		{FEEB4821-971C-4AD1-AEA8-237CD9372B88}.Release|x64.Build.0 = Release|Any CPU
		{FEEB4821-971C-4AD1-AEA8-237CD9372B88}.Release|x86.ActiveCfg = Release|Any CPU
		{FEEB4821-971C-4AD1-AEA8-237CD9372B88}.Release|x86.Build.0 = Release|Any CPU
		{1CB79933-6D34-4D62-AE5F-2090242483D8}.Debug|Any CPU.ActiveCfg = Debug|Any CPU
		{1CB79933-6D34-4D62-AE5F-2090242483D8}.Debug|Any CPU.Build.0 = Debug|Any CPU
		{1CB79933-6D34-4D62-AE5F-2090242483D8}.Debug|x64.ActiveCfg = Debug|Any CPU
		{1CB79933-6D34-4D62-AE5F-2090242483D8}.Debug|x64.Build.0 = Debug|Any CPU
		{1CB79933-6D34-4D62-AE5F-2090242483D8}.Debug|x86.ActiveCfg = Debug|Any CPU
		{1CB79933-6D34-4D62-AE5F-2090242483D8}.Debug|x86.Build.0 = Debug|Any CPU
		{1CB79933-6D34-4D62-AE5F-2090242483D8}.Release|Any CPU.ActiveCfg = Release|Any CPU
		{1CB79933-6D34-4D62-AE5F-2090242483D8}.Release|Any CPU.Build.0 = Release|Any CPU
		{1CB79933-6D34-4D62-AE5F-2090242483D8}.Release|x64.ActiveCfg = Release|Any CPU
		{1CB79933-6D34-4D62-AE5F-2090242483D8}.Release|x64.Build.0 = Release|Any CPU
		{1CB79933-6D34-4D62-AE5F-2090242483D8}.Release|x86.ActiveCfg = Release|Any CPU
		{1CB79933-6D34-4D62-AE5F-2090242483D8}.Release|x86.Build.0 = Release|Any CPU
		{489F2D87-1110-41E0-BE04-ABE56D1C4564}.Debug|Any CPU.ActiveCfg = Debug|Any CPU
		{489F2D87-1110-41E0-BE04-ABE56D1C4564}.Debug|Any CPU.Build.0 = Debug|Any CPU
		{489F2D87-1110-41E0-BE04-ABE56D1C4564}.Debug|x64.ActiveCfg = Debug|Any CPU
		{489F2D87-1110-41E0-BE04-ABE56D1C4564}.Debug|x64.Build.0 = Debug|Any CPU
		{489F2D87-1110-41E0-BE04-ABE56D1C4564}.Debug|x86.ActiveCfg = Debug|Any CPU
		{489F2D87-1110-41E0-BE04-ABE56D1C4564}.Debug|x86.Build.0 = Debug|Any CPU
		{489F2D87-1110-41E0-BE04-ABE56D1C4564}.Release|Any CPU.ActiveCfg = Release|Any CPU
		{489F2D87-1110-41E0-BE04-ABE56D1C4564}.Release|Any CPU.Build.0 = Release|Any CPU
		{489F2D87-1110-41E0-BE04-ABE56D1C4564}.Release|x64.ActiveCfg = Release|Any CPU
		{489F2D87-1110-41E0-BE04-ABE56D1C4564}.Release|x64.Build.0 = Release|Any CPU
		{489F2D87-1110-41E0-BE04-ABE56D1C4564}.Release|x86.ActiveCfg = Release|Any CPU
		{489F2D87-1110-41E0-BE04-ABE56D1C4564}.Release|x86.Build.0 = Release|Any CPU
		{BD797981-E69A-4C95-85C7-A5C7CF832E93}.Debug|Any CPU.ActiveCfg = Debug|Any CPU
		{BD797981-E69A-4C95-85C7-A5C7CF832E93}.Debug|Any CPU.Build.0 = Debug|Any CPU
		{BD797981-E69A-4C95-85C7-A5C7CF832E93}.Debug|x64.ActiveCfg = Debug|Any CPU
		{BD797981-E69A-4C95-85C7-A5C7CF832E93}.Debug|x64.Build.0 = Debug|Any CPU
		{BD797981-E69A-4C95-85C7-A5C7CF832E93}.Debug|x86.ActiveCfg = Debug|Any CPU
		{BD797981-E69A-4C95-85C7-A5C7CF832E93}.Debug|x86.Build.0 = Debug|Any CPU
		{BD797981-E69A-4C95-85C7-A5C7CF832E93}.Release|Any CPU.ActiveCfg = Release|Any CPU
		{BD797981-E69A-4C95-85C7-A5C7CF832E93}.Release|Any CPU.Build.0 = Release|Any CPU
		{BD797981-E69A-4C95-85C7-A5C7CF832E93}.Release|x64.ActiveCfg = Release|Any CPU
		{BD797981-E69A-4C95-85C7-A5C7CF832E93}.Release|x64.Build.0 = Release|Any CPU
		{BD797981-E69A-4C95-85C7-A5C7CF832E93}.Release|x86.ActiveCfg = Release|Any CPU
		{BD797981-E69A-4C95-85C7-A5C7CF832E93}.Release|x86.Build.0 = Release|Any CPU
		{3F6ACB76-867E-41A2-8DB0-999EE3C474D5}.Debug|Any CPU.ActiveCfg = Debug|Any CPU
		{3F6ACB76-867E-41A2-8DB0-999EE3C474D5}.Debug|Any CPU.Build.0 = Debug|Any CPU
		{3F6ACB76-867E-41A2-8DB0-999EE3C474D5}.Debug|x64.ActiveCfg = Debug|Any CPU
		{3F6ACB76-867E-41A2-8DB0-999EE3C474D5}.Debug|x64.Build.0 = Debug|Any CPU
		{3F6ACB76-867E-41A2-8DB0-999EE3C474D5}.Debug|x86.ActiveCfg = Debug|Any CPU
		{3F6ACB76-867E-41A2-8DB0-999EE3C474D5}.Debug|x86.Build.0 = Debug|Any CPU
		{3F6ACB76-867E-41A2-8DB0-999EE3C474D5}.Release|Any CPU.ActiveCfg = Release|Any CPU
		{3F6ACB76-867E-41A2-8DB0-999EE3C474D5}.Release|Any CPU.Build.0 = Release|Any CPU
		{3F6ACB76-867E-41A2-8DB0-999EE3C474D5}.Release|x64.ActiveCfg = Release|Any CPU
		{3F6ACB76-867E-41A2-8DB0-999EE3C474D5}.Release|x64.Build.0 = Release|Any CPU
		{3F6ACB76-867E-41A2-8DB0-999EE3C474D5}.Release|x86.ActiveCfg = Release|Any CPU
		{3F6ACB76-867E-41A2-8DB0-999EE3C474D5}.Release|x86.Build.0 = Release|Any CPU
	EndGlobalSection
	GlobalSection(SolutionProperties) = preSolution
		HideSolutionNode = FALSE
	EndGlobalSection
	GlobalSection(ExtensibilityGlobals) = postSolution
		SolutionGuid = {6BE89BD3-A37E-415A-9522-5E25A7BBE0D4}
	EndGlobalSection
EndGlobal
