
Microsoft Visual Studio Solution File, Format Version 12.00
# Visual Studio 15
VisualStudioVersion = 15.0.26124.0
MinimumVisualStudioVersion = 15.0.26124.0
Project("{FAE04EC0-301F-11D3-BF4B-00C04F79EFBC}") = "ex217ContainsDuplicate", "ex217ContainsDuplicate\ex217ContainsDuplicate.csproj", "{C8C6003C-003E-4852-BEF7-7106BAFC5E4C}"
EndProject
Project("{FAE04EC0-301F-11D3-BF4B-00C04F79EFBC}") = "ex219ContainsDuplicateII", "ex219ContainsDuplicateII\ex219ContainsDuplicateII.csproj", "{7E0C3640-F5C4-411D-9AF9-2E2F2EADD65E}"
EndProject
Project("{FAE04EC0-301F-11D3-BF4B-00C04F79EFBC}") = "ex771JewelsAndStones", "ex771JewelsAndStones\ex771JewelsAndStones.csproj", "{1B4E9B38-7D12-4B86-AE0D-9FF96FCE0B06}"
EndProject
Global
	GlobalSection(SolutionConfigurationPlatforms) = preSolution
		Debug|Any CPU = Debug|Any CPU
		Debug|x64 = Debug|x64
		Debug|x86 = Debug|x86
		Release|Any CPU = Release|Any CPU
		Release|x64 = Release|x64
		Release|x86 = Release|x86
	EndGlobalSection
	GlobalSection(SolutionProperties) = preSolution
		HideSolutionNode = FALSE
	EndGlobalSection
	GlobalSection(ProjectConfigurationPlatforms) = postSolution
		{C8C6003C-003E-4852-BEF7-7106BAFC5E4C}.Debug|Any CPU.ActiveCfg = Debug|Any CPU
		{C8C6003C-003E-4852-BEF7-7106BAFC5E4C}.Debug|Any CPU.Build.0 = Debug|Any CPU
		{C8C6003C-003E-4852-BEF7-7106BAFC5E4C}.Debug|x64.ActiveCfg = Debug|Any CPU
		{C8C6003C-003E-4852-BEF7-7106BAFC5E4C}.Debug|x64.Build.0 = Debug|Any CPU
		{C8C6003C-003E-4852-BEF7-7106BAFC5E4C}.Debug|x86.ActiveCfg = Debug|Any CPU
		{C8C6003C-003E-4852-BEF7-7106BAFC5E4C}.Debug|x86.Build.0 = Debug|Any CPU
		{C8C6003C-003E-4852-BEF7-7106BAFC5E4C}.Release|Any CPU.ActiveCfg = Release|Any CPU
		{C8C6003C-003E-4852-BEF7-7106BAFC5E4C}.Release|Any CPU.Build.0 = Release|Any CPU
		{C8C6003C-003E-4852-BEF7-7106BAFC5E4C}.Release|x64.ActiveCfg = Release|Any CPU
		{C8C6003C-003E-4852-BEF7-7106BAFC5E4C}.Release|x64.Build.0 = Release|Any CPU
		{C8C6003C-003E-4852-BEF7-7106BAFC5E4C}.Release|x86.ActiveCfg = Release|Any CPU
		{C8C6003C-003E-4852-BEF7-7106BAFC5E4C}.Release|x86.Build.0 = Release|Any CPU
		{7E0C3640-F5C4-411D-9AF9-2E2F2EADD65E}.Debug|Any CPU.ActiveCfg = Debug|Any CPU
		{7E0C3640-F5C4-411D-9AF9-2E2F2EADD65E}.Debug|Any CPU.Build.0 = Debug|Any CPU
		{7E0C3640-F5C4-411D-9AF9-2E2F2EADD65E}.Debug|x64.ActiveCfg = Debug|Any CPU
		{7E0C3640-F5C4-411D-9AF9-2E2F2EADD65E}.Debug|x64.Build.0 = Debug|Any CPU
		{7E0C3640-F5C4-411D-9AF9-2E2F2EADD65E}.Debug|x86.ActiveCfg = Debug|Any CPU
		{7E0C3640-F5C4-411D-9AF9-2E2F2EADD65E}.Debug|x86.Build.0 = Debug|Any CPU
		{7E0C3640-F5C4-411D-9AF9-2E2F2EADD65E}.Release|Any CPU.ActiveCfg = Release|Any CPU
		{7E0C3640-F5C4-411D-9AF9-2E2F2EADD65E}.Release|Any CPU.Build.0 = Release|Any CPU
		{7E0C3640-F5C4-411D-9AF9-2E2F2EADD65E}.Release|x64.ActiveCfg = Release|Any CPU
		{7E0C3640-F5C4-411D-9AF9-2E2F2EADD65E}.Release|x64.Build.0 = Release|Any CPU
		{7E0C3640-F5C4-411D-9AF9-2E2F2EADD65E}.Release|x86.ActiveCfg = Release|Any CPU
		{7E0C3640-F5C4-411D-9AF9-2E2F2EADD65E}.Release|x86.Build.0 = Release|Any CPU
		{1B4E9B38-7D12-4B86-AE0D-9FF96FCE0B06}.Debug|Any CPU.ActiveCfg = Debug|Any CPU
		{1B4E9B38-7D12-4B86-AE0D-9FF96FCE0B06}.Debug|Any CPU.Build.0 = Debug|Any CPU
		{1B4E9B38-7D12-4B86-AE0D-9FF96FCE0B06}.Debug|x64.ActiveCfg = Debug|Any CPU
		{1B4E9B38-7D12-4B86-AE0D-9FF96FCE0B06}.Debug|x64.Build.0 = Debug|Any CPU
		{1B4E9B38-7D12-4B86-AE0D-9FF96FCE0B06}.Debug|x86.ActiveCfg = Debug|Any CPU
		{1B4E9B38-7D12-4B86-AE0D-9FF96FCE0B06}.Debug|x86.Build.0 = Debug|Any CPU
		{1B4E9B38-7D12-4B86-AE0D-9FF96FCE0B06}.Release|Any CPU.ActiveCfg = Release|Any CPU
		{1B4E9B38-7D12-4B86-AE0D-9FF96FCE0B06}.Release|Any CPU.Build.0 = Release|Any CPU
		{1B4E9B38-7D12-4B86-AE0D-9FF96FCE0B06}.Release|x64.ActiveCfg = Release|Any CPU
		{1B4E9B38-7D12-4B86-AE0D-9FF96FCE0B06}.Release|x64.Build.0 = Release|Any CPU
		{1B4E9B38-7D12-4B86-AE0D-9FF96FCE0B06}.Release|x86.ActiveCfg = Release|Any CPU
		{1B4E9B38-7D12-4B86-AE0D-9FF96FCE0B06}.Release|x86.Build.0 = Release|Any CPU
	EndGlobalSection
EndGlobal
